# Fully pinned, known-working dependency set (generated from a clean venv).
#
# Install with:
#   pip install "setuptools<81" wheel
#   pip install -r requirements.lock
#
# Regenerate after bumping requirements.txt with:
#   python3 -m venv /tmp/lockenv && /tmp/lockenv/bin/pip install "setuptools<81" wheel \
#     && /tmp/lockenv/bin/pip install -r requirements.txt && /tmp/lockenv/bin/pip freeze
#
# docopt==0.6.2 below (a transitive natasha dependency) fails to build with
# "AttributeError: install_layout" on a Debian/Ubuntu apt-packaged system
# Python — its patched distutils drops compatibility docopt's legacy
# setup.py needs. Unaffected: the Dockerfile (python:3.11-slim, an upstream
# build) and CI. For local dev on Debian/Ubuntu system Python, see
# running_guide.md's docopt-ng workaround.
setuptools==80.10.2
wheel==0.47.0

APScheduler==3.11.3
DAWG-Python==0.7.2
SQLAlchemy==2.0.51
aiofiles==25.1.0
aiogram==3.29.1
aiohappyeyeballs==2.7.1
aiohttp==3.14.1
aiosignal==1.4.0
aiosqlite==0.22.1
annotated-types==0.7.0
attrs==26.1.0
certifi==2026.6.17
dateparser==1.4.1
docopt==0.6.2
frozenlist==1.8.0
greenlet==3.5.3
idna==3.18
intervaltree==3.2.1
ipymarkup==0.9.0
magic-filter==1.0.12
multidict==6.7.1
natasha==1.6.0
navec==0.10.0
numpy==2.4.6
packaging==26.2
propcache==0.5.2
pydantic==2.13.4
pydantic-settings==2.14.2
pydantic_core==2.46.4
pymorphy2==0.9.1
pymorphy2-dicts-ru==2.4.417127.4579844
python-dateutil==2.9.0.post0
python-dotenv==1.2.2
pytz==2026.2
razdel==0.5.0
regex==2026.7.10
six==1.17.0
slovnet==0.6.0
sortedcontainers==2.4.0
typing-inspection==0.4.2
typing_extensions==4.16.0
tzlocal==5.4.4
yargy==0.16.0
yarl==1.24.2
